
Microsoft Visual Studio Solution File, Format Version 12.00
# Visual Studio Version 17
VisualStudioVersion = 17.0.31903.59
MinimumVisualStudioVersion = 10.0.40219.1
Project("{9A19103F-16F7-4668-BE54-9A1E7A4F7556}") = "ICare.API", "ICare.API\ICare.API.csproj", "{BBC1C0C7-464D-411F-9368-64D145C14792}"
EndProject
Project("{9A19103F-16F7-4668-BE54-9A1E7A4F7556}") = "ICare.Domain", "ICare.Domain\ICare.Domain.csproj", "{6C3C222A-FB31-4AD5-8C16-94CD429026A1}"
EndProject
Project("{9A19103F-16F7-4668-BE54-9A1E7A4F7556}") = "ICare.Persistence", "ICare.Persistence\ICare.Persistence.csproj", "{C2F63252-AFBC-4C22-91CC-3C7D2E58B168}"
	ProjectSection(ProjectDependencies) = postProject
		{6C3C222A-FB31-4AD5-8C16-94CD429026A1} = {6C3C222A-FB31-4AD5-8C16-94CD429026A1}
	EndProjectSection
EndProject
Project("{9A19103F-16F7-4668-BE54-9A1E7A4F7556}") = "ICare.Application", "ICare.Application\ICare.Application.csproj", "{F853CCFC-A74A-472A-BF34-DE738D70999A}"
EndProject
Global
	GlobalSection(SolutionConfigurationPlatforms) = preSolution
		Debug|Any CPU = Debug|Any CPU
		Release|Any CPU = Release|Any CPU
	EndGlobalSection
	GlobalSection(ProjectConfigurationPlatforms) = postSolution
		{BBC1C0C7-464D-411F-9368-64D145C14792}.Debug|Any CPU.ActiveCfg = Debug|Any CPU
		{BBC1C0C7-464D-411F-9368-64D145C14792}.Debug|Any CPU.Build.0 = Debug|Any CPU
		{BBC1C0C7-464D-411F-9368-64D145C14792}.Release|Any CPU.ActiveCfg = Release|Any CPU
		{BBC1C0C7-464D-411F-9368-64D145C14792}.Release|Any CPU.Build.0 = Release|Any CPU
		{6C3C222A-FB31-4AD5-8C16-94CD429026A1}.Debug|Any CPU.ActiveCfg = Debug|Any CPU
		{6C3C222A-FB31-4AD5-8C16-94CD429026A1}.Debug|Any CPU.Build.0 = Debug|Any CPU
		{6C3C222A-FB31-4AD5-8C16-94CD429026A1}.Release|Any CPU.ActiveCfg = Release|Any CPU
		{6C3C222A-FB31-4AD5-8C16-94CD429026A1}.Release|Any CPU.Build.0 = Release|Any CPU
		{C2F63252-AFBC-4C22-91CC-3C7D2E58B168}.Debug|Any CPU.ActiveCfg = Debug|Any CPU
		{C2F63252-AFBC-4C22-91CC-3C7D2E58B168}.Debug|Any CPU.Build.0 = Debug|Any CPU
		{C2F63252-AFBC-4C22-91CC-3C7D2E58B168}.Release|Any CPU.ActiveCfg = Release|Any CPU
		{C2F63252-AFBC-4C22-91CC-3C7D2E58B168}.Release|Any CPU.Build.0 = Release|Any CPU
		{F853CCFC-A74A-472A-BF34-DE738D70999A}.Debug|Any CPU.ActiveCfg = Debug|Any CPU
		{F853CCFC-A74A-472A-BF34-DE738D70999A}.Debug|Any CPU.Build.0 = Debug|Any CPU
		{F853CCFC-A74A-472A-BF34-DE738D70999A}.Release|Any CPU.ActiveCfg = Release|Any CPU
		{F853CCFC-A74A-472A-BF34-DE738D70999A}.Release|Any CPU.Build.0 = Release|Any CPU
	EndGlobalSection
	GlobalSection(SolutionProperties) = preSolution
		HideSolutionNode = FALSE
	EndGlobalSection
EndGlobal
